
Microsoft Visual Studio Solution File, Format Version 12.00
# Visual Studio Version 17
VisualStudioVersion = 17.11.35312.102
MinimumVisualStudioVersion = 10.0.40219.1
Project("{FAE04EC0-301F-11D3-BF4B-00C04F79EFBC}") = "ClassLibrary", "ClassLibrary.csproj", "{C6FD893E-B48E-4727-AC0A-93419D70397B}"
EndProject
Global
	GlobalSection(SolutionConfigurationPlatforms) = preSolution
		Debug|Any CPU = Debug|Any CPU
		Release|Any CPU = Release|Any CPU
	EndGlobalSection
	GlobalSection(ProjectConfigurationPlatforms) = postSolution
		{C6FD893E-B48E-4727-AC0A-93419D70397B}.Debug|Any CPU.ActiveCfg = Debug|Any CPU
		{C6FD893E-B48E-4727-AC0A-93419D70397B}.Debug|Any CPU.Build.0 = Debug|Any CPU
		{C6FD893E-B48E-4727-AC0A-93419D70397B}.Release|Any CPU.ActiveCfg = Release|Any CPU
		{C6FD893E-B48E-4727-AC0A-93419D70397B}.Release|Any CPU.Build.0 = Release|Any CPU
	EndGlobalSection
	GlobalSection(SolutionProperties) = preSolution
		HideSolutionNode = FALSE
	EndGlobalSection
	GlobalSection(ExtensibilityGlobals) = postSolution
		SolutionGuid = {22E5381A-FBA8-4B29-8126-6C4A5A9E32D5}
	EndGlobalSection
EndGlobal
